
Microsoft Visual Studio Solution File, Format Version 12.00
# Visual Studio Version 17
VisualStudioVersion = 17.8.34316.72
MinimumVisualStudioVersion = 10.0.40219.1
Project("{888888A0-9F3D-457C-B088-3A5042F75D52}") = "UP02", "UP02\UP02.pyproj", "{CACF8490-B7DC-4249-A66D-0BA43764227F}"
EndProject
Global
	GlobalSection(SolutionConfigurationPlatforms) = preSolution
		Debug|Any CPU = Debug|Any CPU
		Release|Any CPU = Release|Any CPU
	EndGlobalSection
	GlobalSection(ProjectConfigurationPlatforms) = postSolution
		{CACF8490-B7DC-4249-A66D-0BA43764227F}.Debug|Any CPU.ActiveCfg = Debug|Any CPU
		{CACF8490-B7DC-4249-A66D-0BA43764227F}.Debug|Any CPU.Build.0 = Debug|Any CPU
		{CACF8490-B7DC-4249-A66D-0BA43764227F}.Release|Any CPU.ActiveCfg = Release|Any CPU
		{CACF8490-B7DC-4249-A66D-0BA43764227F}.Release|Any CPU.Build.0 = Release|Any CPU
	EndGlobalSection
	GlobalSection(SolutionProperties) = preSolution
		HideSolutionNode = FALSE
	EndGlobalSection
	GlobalSection(ExtensibilityGlobals) = postSolution
		SolutionGuid = {27E8E1FA-6D6C-45A9-A6CB-5EA49BB6E53A}
	EndGlobalSection
EndGlobal
